<?xml version="1.0" encoding="utf-8"?>
<Project ToolsVersion="4.0" xmlns="http://schemas.microsoft.com/developer/msbuild/2003">
  <ItemGroup>
    <Filter Include="소스 파일">
      <UniqueIdentifier>{4FC737F1-C7A5-4376-A066-2A32D752A2FF}</UniqueIdentifier>
      <Extensions>cpp;c;cc;cxx;def;odl;idl;hpj;bat;asm;asmx</Extensions>
    </Filter>
    <Filter Include="헤더 파일">
      <UniqueIdentifier>{93995380-89BD-4b04-88EB-625FBE52EBFB}</UniqueIdentifier>
      <Extensions>h;hpp;hxx;hm;inl;inc;xsd</Extensions>
    </Filter>
    <Filter Include="리소스 파일">
      <UniqueIdentifier>{67DA6AB6-F800-4c08-8B7A-83BB121AAD01}</UniqueIdentifier>
      <Extensions>rc;ico;cur;bmp;dlg;rc2;rct;bin;rgs;gif;jpg;jpeg;jpe;resx;tiff;tif;png;wav;mfcribbon-ms</Extensions>
    </Filter>
    <Filter Include="common">
      <UniqueIdentifier>{e1f21930-ab56-4f32-a4c1-255068f1372a}</UniqueIdentifier>
    </Filter>
    <Filter Include="crypto">
      <UniqueIdentifier>{b957ce85-6469-44ac-9be1-518e79f3024d}</UniqueIdentifier>
    </Filter>
    <Filter Include="include">
      <UniqueIdentifier>{baf3bd56-e2da-4cf5-a601-2776d39ec236}</UniqueIdentifier>
    </Filter>
  </ItemGroup>
  <ItemGroup>
    <None Include="ReadMe.txt" />
  </ItemGroup>
  <ItemGroup>
    <ClCompile Include="VMSRecorderService.cpp">
      <Filter>소스 파일</Filter>
    </ClCompile>
    <ClCompile Include="common\Crypt.cpp">
      <Filter>common</Filter>
    </ClCompile>
    <ClCompile Include="common\HTTPRequest.cpp">
      <Filter>common</Filter>
    </ClCompile>
    <ClCompile Include="common\MessageSender.cpp">
      <Filter>common</Filter>
    </ClCompile>
    <ClCompile Include="common\PairStringRead.cpp">
      <Filter>common</Filter>
    </ClCompile>
    <ClCompile Include="common\ScopeLock.cpp">
      <Filter>common</Filter>
    </ClCompile>
    <ClCompile Include="common\Security.cpp">
      <Filter>common</Filter>
    </ClCompile>
    <ClCompile Include="common\string_helper.cpp">
      <Filter>common</Filter>
    </ClCompile>
    <ClCompile Include="common\StringLineParser.cpp">
      <Filter>common</Filter>
    </ClCompile>
    <ClCompile Include="common\ThreadPool.cpp">
      <Filter>common</Filter>
    </ClCompile>
    <ClCompile Include="common\ThreadUtil.cpp">
      <Filter>common</Filter>
    </ClCompile>
    <ClCompile Include="common\XML.cpp">
      <Filter>common</Filter>
    </ClCompile>
    <ClCompile Include="crypto\base64.c">
      <Filter>crypto</Filter>
    </ClCompile>
    <ClCompile Include="crypto\hmac_md5.c">
      <Filter>crypto</Filter>
    </ClCompile>
    <ClCompile Include="crypto\md5.c">
      <Filter>crypto</Filter>
    </ClCompile>
    <ClCompile Include="XMLParser.cpp">
      <Filter>소스 파일</Filter>
    </ClCompile>
    <ClCompile Include="ServiceCoordinator.cpp">
      <Filter>소스 파일</Filter>
    </ClCompile>
    <ClCompile Include="Common.cpp">
      <Filter>소스 파일</Filter>
    </ClCompile>
    <ClCompile Include="MemoryLeakDetector.cpp">
      <Filter>소스 파일</Filter>
    </ClCompile>
    <ClCompile Include="DllLoader.cpp">
      <Filter>소스 파일</Filter>
    </ClCompile>
    <ClCompile Include="MovieMaker.cpp">
      <Filter>소스 파일</Filter>
    </ClCompile>
    <ClCompile Include="common\HTDateTime.cpp">
      <Filter>common</Filter>
    </ClCompile>
    <ClCompile Include="HTRecorderDLL.cpp">
      <Filter>소스 파일</Filter>
    </ClCompile>
  </ItemGroup>
  <ItemGroup>
    <ClInclude Include="targetver.h">
      <Filter>헤더 파일</Filter>
    </ClInclude>
    <ClInclude Include="Resource.h">
      <Filter>헤더 파일</Filter>
    </ClInclude>
    <ClInclude Include="common\Crypt.h">
      <Filter>common</Filter>
    </ClInclude>
    <ClInclude Include="common\HTTPRequest.h">
      <Filter>common</Filter>
    </ClInclude>
    <ClInclude Include="common\MessageSender.h">
      <Filter>common</Filter>
    </ClInclude>
    <ClInclude Include="common\PairStringRead.h">
      <Filter>common</Filter>
    </ClInclude>
    <ClInclude Include="common\ScopeLock.h">
      <Filter>common</Filter>
    </ClInclude>
    <ClInclude Include="common\Security.h">
      <Filter>common</Filter>
    </ClInclude>
    <ClInclude Include="common\string_helper.h">
      <Filter>common</Filter>
    </ClInclude>
    <ClInclude Include="common\StringLineParser.h">
      <Filter>common</Filter>
    </ClInclude>
    <ClInclude Include="common\ThreadPool.h">
      <Filter>common</Filter>
    </ClInclude>
    <ClInclude Include="common\ThreadUtil.h">
      <Filter>common</Filter>
    </ClInclude>
    <ClInclude Include="common\XML.h">
      <Filter>common</Filter>
    </ClInclude>
    <ClInclude Include="crypto\base64.h">
      <Filter>crypto</Filter>
    </ClInclude>
    <ClInclude Include="crypto\hmac_md5.h">
      <Filter>crypto</Filter>
    </ClInclude>
    <ClInclude Include="crypto\md5.h">
      <Filter>crypto</Filter>
    </ClInclude>
    <ClInclude Include="XMLParser.h">
      <Filter>헤더 파일</Filter>
    </ClInclude>
    <ClInclude Include="include\LiveSessionDLL.h">
      <Filter>include</Filter>
    </ClInclude>
    <ClInclude Include="include\LiveSession5.h">
      <Filter>include</Filter>
    </ClInclude>
    <ClInclude Include="VMSRecorderService.h">
      <Filter>헤더 파일</Filter>
    </ClInclude>
    <ClInclude Include="ServiceCoordinator.h">
      <Filter>헤더 파일</Filter>
    </ClInclude>
    <ClInclude Include="Common.h">
      <Filter>헤더 파일</Filter>
    </ClInclude>
    <ClInclude Include="MemoryLeakDetector.h">
      <Filter>헤더 파일</Filter>
    </ClInclude>
    <ClInclude Include="DllLoader.h">
      <Filter>헤더 파일</Filter>
    </ClInclude>
    <ClInclude Include="MovieMaker.h">
      <Filter>헤더 파일</Filter>
    </ClInclude>
    <ClInclude Include="MovieMakerErrors.h">
      <Filter>헤더 파일</Filter>
    </ClInclude>
    <ClInclude Include="common\HTDateTime.h">
      <Filter>common</Filter>
    </ClInclude>
    <ClInclude Include="include\HTRecorderDLL.h">
      <Filter>include</Filter>
    </ClInclude>
  </ItemGroup>
</Project>